
Microsoft Visual Studio Solution File, Format Version 11.00
# Visual Studio 2010
Project("{FAE04EC0-301F-11D3-BF4B-00C04F79EFBC}") = "StatePattern", "StatePattern\StatePattern.csproj", "{9648DB00-3AC0-42ED-9533-44DE42B45273}"
EndProject
Project("{FAE04EC0-301F-11D3-BF4B-00C04F79EFBC}") = "Scenario", "Scenario\Scenario.csproj", "{8978F3AC-9373-43DD-B48E-7BBE77A20039}"
EndProject
Global
	GlobalSection(SolutionConfigurationPlatforms) = preSolution
		Debug|x86 = Debug|x86
		Release|x86 = Release|x86
	EndGlobalSection
	GlobalSection(ProjectConfigurationPlatforms) = postSolution
		{9648DB00-3AC0-42ED-9533-44DE42B45273}.Debug|x86.ActiveCfg = Debug|x86
		{9648DB00-3AC0-42ED-9533-44DE42B45273}.Debug|x86.Build.0 = Debug|x86
		{9648DB00-3AC0-42ED-9533-44DE42B45273}.Release|x86.ActiveCfg = Release|x86
		{9648DB00-3AC0-42ED-9533-44DE42B45273}.Release|x86.Build.0 = Release|x86
		{8978F3AC-9373-43DD-B48E-7BBE77A20039}.Debug|x86.ActiveCfg = Debug|x86
		{8978F3AC-9373-43DD-B48E-7BBE77A20039}.Debug|x86.Build.0 = Debug|x86
		{8978F3AC-9373-43DD-B48E-7BBE77A20039}.Release|x86.ActiveCfg = Release|x86
		{8978F3AC-9373-43DD-B48E-7BBE77A20039}.Release|x86.Build.0 = Release|x86
	EndGlobalSection
	GlobalSection(SolutionProperties) = preSolution
		HideSolutionNode = FALSE
	EndGlobalSection
EndGlobal
